// !$*UTF8*$!
{
	archiveVersion = 1;
	classes = {
	};
	objectVersion = 56;
	objects = {

/* Begin PBXBuildFile section */
		3EC8D5A62BFFB72900C2B8D0 /* BudgetCategoryTableViewCell.swift in Sources */ = {isa = PBXBuildFile; fileRef = 3EC8D5A52BFFB72900C2B8D0 /* BudgetCategoryTableViewCell.swift */; };
		3ECFF9112BFE7A7700B64FDD /* BudgetDetailsViewController.swift in Sources */ = {isa = PBXBuildFile; fileRef = 3ECFF9102BFE7A7700B64FDD /* BudgetDetailsViewController.swift */; };
		3ECFF9132BFE858A00B64FDD /* Double+Extensions.swift in Sources */ = {isa = PBXBuildFile; fileRef = 3ECFF9122BFE858A00B64FDD /* Double+Extensions.swift */; };
		3EF7B21A2BFAB37200F1466C /* AppDelegate.swift in Sources */ = {isa = PBXBuildFile; fileRef = 3EF7B2192BFAB37200F1466C /* AppDelegate.swift */; };
		3EF7B21C2BFAB37200F1466C /* SceneDelegate.swift in Sources */ = {isa = PBXBuildFile; fileRef = 3EF7B21B2BFAB37200F1466C /* SceneDelegate.swift */; };
		3EF7B21E2BFAB37200F1466C /* BudgetCategoriesTableViewController.swift in Sources */ = {isa = PBXBuildFile; fileRef = 3EF7B21D2BFAB37200F1466C /* BudgetCategoriesTableViewController.swift */; };
		3EF7B2232BFAB37500F1466C /* Assets.xcassets in Resources */ = {isa = PBXBuildFile; fileRef = 3EF7B2222BFAB37500F1466C /* Assets.xcassets */; };
		3EF7B22F2BFAB98200F1466C /* BudgetModel.xcdatamodeld in Sources */ = {isa = PBXBuildFile; fileRef = 3EF7B22D2BFAB98200F1466C /* BudgetModel.xcdatamodeld */; };
		3EF7B2342BFABE3000F1466C /* AddBudgetCategoryViewController.swift in Sources */ = {isa = PBXBuildFile; fileRef = 3EF7B2332BFABE3000F1466C /* AddBudgetCategoryViewController.swift */; };
		3EF7B2372BFAC70200F1466C /* String+Extensions.swift in Sources */ = {isa = PBXBuildFile; fileRef = 3EF7B2362BFAC70200F1466C /* String+Extensions.swift */; };
/* End PBXBuildFile section */

/* Begin PBXFileReference section */
		3EC8D5A52BFFB72900C2B8D0 /* BudgetCategoryTableViewCell.swift */ = {isa = PBXFileReference; lastKnownFileType = sourcecode.swift; path = BudgetCategoryTableViewCell.swift; sourceTree = "<group>"; };
		3ECFF9102BFE7A7700B64FDD /* BudgetDetailsViewController.swift */ = {isa = PBXFileReference; lastKnownFileType = sourcecode.swift; path = BudgetDetailsViewController.swift; sourceTree = "<group>"; };
		3ECFF9122BFE858A00B64FDD /* Double+Extensions.swift */ = {isa = PBXFileReference; lastKnownFileType = sourcecode.swift; path = "Double+Extensions.swift"; sourceTree = "<group>"; };
		3EF7B2162BFAB37200F1466C /* BudgetApp.app */ = {isa = PBXFileReference; explicitFileType = wrapper.application; includeInIndex = 0; path = BudgetApp.app; sourceTree = BUILT_PRODUCTS_DIR; };
		3EF7B2192BFAB37200F1466C /* AppDelegate.swift */ = {isa = PBXFileReference; lastKnownFileType = sourcecode.swift; path = AppDelegate.swift; sourceTree = "<group>"; };
		3EF7B21B2BFAB37200F1466C /* SceneDelegate.swift */ = {isa = PBXFileReference; lastKnownFileType = sourcecode.swift; path = SceneDelegate.swift; sourceTree = "<group>"; };
		3EF7B21D2BFAB37200F1466C /* BudgetCategoriesTableViewController.swift */ = {isa = PBXFileReference; lastKnownFileType = sourcecode.swift; path = BudgetCategoriesTableViewController.swift; sourceTree = "<group>"; };
		3EF7B2222BFAB37500F1466C /* Assets.xcassets */ = {isa = PBXFileReference; lastKnownFileType = folder.assetcatalog; path = Assets.xcassets; sourceTree = "<group>"; };
		3EF7B2272BFAB37500F1466C /* Info.plist */ = {isa = PBXFileReference; lastKnownFileType = text.plist.xml; path = Info.plist; sourceTree = "<group>"; };
		3EF7B22E2BFAB98200F1466C /* BudgetModel.xcdatamodel */ = {isa = PBXFileReference; lastKnownFileType = wrapper.xcdatamodel; path = BudgetModel.xcdatamodel; sourceTree = "<group>"; };
		3EF7B2332BFABE3000F1466C /* AddBudgetCategoryViewController.swift */ = {isa = PBXFileReference; lastKnownFileType = sourcecode.swift; path = AddBudgetCategoryViewController.swift; sourceTree = "<group>"; };
		3EF7B2362BFAC70200F1466C /* String+Extensions.swift */ = {isa = PBXFileReference; lastKnownFileType = sourcecode.swift; path = "String+Extensions.swift"; sourceTree = "<group>"; };
/* End PBXFileReference section */

/* Begin PBXFrameworksBuildPhase section */
		3EF7B2132BFAB37200F1466C /* Frameworks */ = {
			isa = PBXFrameworksBuildPhase;
			buildActionMask = 2147483647;
			files = (
			);
			runOnlyForDeploymentPostprocessing = 0;
		};
/* End PBXFrameworksBuildPhase section */

/* Begin PBXGroup section */
		3EC8D5A42BFFB71300C2B8D0 /* Cells */ = {
			isa = PBXGroup;
			children = (
				3EC8D5A52BFFB72900C2B8D0 /* BudgetCategoryTableViewCell.swift */,
			);
			path = Cells;
			sourceTree = "<group>";
		};
		3EF7B20D2BFAB37200F1466C = {
			isa = PBXGroup;
			children = (
				3EF7B2182BFAB37200F1466C /* BudgetApp */,
				3EF7B2172BFAB37200F1466C /* Products */,
			);
			sourceTree = "<group>";
		};
		3EF7B2172BFAB37200F1466C /* Products */ = {
			isa = PBXGroup;
			children = (
				3EF7B2162BFAB37200F1466C /* BudgetApp.app */,
			);
			name = Products;
			sourceTree = "<group>";
		};
		3EF7B2182BFAB37200F1466C /* BudgetApp */ = {
			isa = PBXGroup;
			children = (
				3EC8D5A42BFFB71300C2B8D0 /* Cells */,
				3EF7B2352BFAC6EC00F1466C /* Extensions */,
				3EF7B2192BFAB37200F1466C /* AppDelegate.swift */,
				3EF7B21B2BFAB37200F1466C /* SceneDelegate.swift */,
				3EF7B21D2BFAB37200F1466C /* BudgetCategoriesTableViewController.swift */,
				3EF7B2332BFABE3000F1466C /* AddBudgetCategoryViewController.swift */,
				3ECFF9102BFE7A7700B64FDD /* BudgetDetailsViewController.swift */,
				3EF7B2222BFAB37500F1466C /* Assets.xcassets */,
				3EF7B2272BFAB37500F1466C /* Info.plist */,
				3EF7B22D2BFAB98200F1466C /* BudgetModel.xcdatamodeld */,
			);
			path = BudgetApp;
			sourceTree = "<group>";
		};
		3EF7B2352BFAC6EC00F1466C /* Extensions */ = {
			isa = PBXGroup;
			children = (
				3EF7B2362BFAC70200F1466C /* String+Extensions.swift */,
				3ECFF9122BFE858A00B64FDD /* Double+Extensions.swift */,
			);
			path = Extensions;
			sourceTree = "<group>";
		};
/* End PBXGroup section */

/* Begin PBXNativeTarget section */
		3EF7B2152BFAB37200F1466C /* BudgetApp */ = {
			isa = PBXNativeTarget;
			buildConfigurationList = 3EF7B22A2BFAB37500F1466C /* Build configuration list for PBXNativeTarget "BudgetApp" */;
			buildPhases = (
				3EF7B2122BFAB37200F1466C /* Sources */,
				3EF7B2132BFAB37200F1466C /* Frameworks */,
				3EF7B2142BFAB37200F1466C /* Resources */,
			);
			buildRules = (
			);
			dependencies = (
			);
			name = BudgetApp;
			productName = BudgetApp;
			productReference = 3EF7B2162BFAB37200F1466C /* BudgetApp.app */;
			productType = "com.apple.product-type.application";
		};
/* End PBXNativeTarget section */

/* Begin PBXProject section */
		3EF7B20E2BFAB37200F1466C /* Project object */ = {
			isa = PBXProject;
			attributes = {
				BuildIndependentTargetsInParallel = 1;
				LastSwiftUpdateCheck = 1530;
				LastUpgradeCheck = 1530;
				TargetAttributes = {
					3EF7B2152BFAB37200F1466C = {
						CreatedOnToolsVersion = 15.3;
					};
				};
			};
			buildConfigurationList = 3EF7B2112BFAB37200F1466C /* Build configuration list for PBXProject "BudgetApp" */;
			compatibilityVersion = "Xcode 14.0";
			developmentRegion = en;
			hasScannedForEncodings = 0;
			knownRegions = (
				en,
				Base,
			);
			mainGroup = 3EF7B20D2BFAB37200F1466C;
			productRefGroup = 3EF7B2172BFAB37200F1466C /* Products */;
			projectDirPath = "";
			projectRoot = "";
			targets = (
				3EF7B2152BFAB37200F1466C /* BudgetApp */,
			);
		};
/* End PBXProject section */

/* Begin PBXResourcesBuildPhase section */
		3EF7B2142BFAB37200F1466C /* Resources */ = {
			isa = PBXResourcesBuildPhase;
			buildActionMask = 2147483647;
			files = (
				3EF7B2232BFAB37500F1466C /* Assets.xcassets in Resources */,
			);
			runOnlyForDeploymentPostprocessing = 0;
		};
/* End PBXResourcesBuildPhase section */

/* Begin PBXSourcesBuildPhase section */
		3EF7B2122BFAB37200F1466C /* Sources */ = {
			isa = PBXSourcesBuildPhase;
			buildActionMask = 2147483647;
			files = (
				3ECFF9132BFE858A00B64FDD /* Double+Extensions.swift in Sources */,
				3EF7B22F2BFAB98200F1466C /* BudgetModel.xcdatamodeld in Sources */,
				3EF7B21E2BFAB37200F1466C /* BudgetCategoriesTableViewController.swift in Sources */,
				3EF7B21A2BFAB37200F1466C /* AppDelegate.swift in Sources */,
				3EF7B2342BFABE3000F1466C /* AddBudgetCategoryViewController.swift in Sources */,
				3ECFF9112BFE7A7700B64FDD /* BudgetDetailsViewController.swift in Sources */,
				3EF7B2372BFAC70200F1466C /* String+Extensions.swift in Sources */,
				3EF7B21C2BFAB37200F1466C /* SceneDelegate.swift in Sources */,
				3EC8D5A62BFFB72900C2B8D0 /* BudgetCategoryTableViewCell.swift in Sources */,
			);
			runOnlyForDeploymentPostprocessing = 0;
		};
/* End PBXSourcesBuildPhase section */

/* Begin XCBuildConfiguration section */
		3EF7B2282BFAB37500F1466C /* Debug */ = {
			isa = XCBuildConfiguration;
			buildSettings = {
				ALWAYS_SEARCH_USER_PATHS = NO;
				ASSETCATALOG_COMPILER_GENERATE_SWIFT_ASSET_SYMBOL_EXTENSIONS = YES;
				CLANG_ANALYZER_NONNULL = YES;
				CLANG_ANALYZER_NUMBER_OBJECT_CONVERSION = YES_AGGRESSIVE;
				CLANG_CXX_LANGUAGE_STANDARD = "gnu++20";
				CLANG_ENABLE_MODULES = YES;
				CLANG_ENABLE_OBJC_ARC = YES;
				CLANG_ENABLE_OBJC_WEAK = YES;
				CLANG_WARN_BLOCK_CAPTURE_AUTORELEASING = YES;
				CLANG_WARN_BOOL_CONVERSION = YES;
				CLANG_WARN_COMMA = YES;
				CLANG_WARN_CONSTANT_CONVERSION = YES;
				CLANG_WARN_DEPRECATED_OBJC_IMPLEMENTATIONS = YES;
				CLANG_WARN_DIRECT_OBJC_ISA_USAGE = YES_ERROR;
				CLANG_WARN_DOCUMENTATION_COMMENTS = YES;
				CLANG_WARN_EMPTY_BODY = YES;
				CLANG_WARN_ENUM_CONVERSION = YES;
				CLANG_WARN_INFINITE_RECURSION = YES;
				CLANG_WARN_INT_CONVERSION = YES;
				CLANG_WARN_NON_LITERAL_NULL_CONVERSION = YES;
				CLANG_WARN_OBJC_IMPLICIT_RETAIN_SELF = YES;
				CLANG_WARN_OBJC_LITERAL_CONVERSION = YES;
				CLANG_WARN_OBJC_ROOT_CLASS = YES_ERROR;
				CLANG_WARN_QUOTED_INCLUDE_IN_FRAMEWORK_HEADER = YES;
				CLANG_WARN_RANGE_LOOP_ANALYSIS = YES;
				CLANG_WARN_STRICT_PROTOTYPES = YES;
				CLANG_WARN_SUSPICIOUS_MOVE = YES;
				CLANG_WARN_UNGUARDED_AVAILABILITY = YES_AGGRESSIVE;
				CLANG_WARN_UNREACHABLE_CODE = YES;
				CLANG_WARN__DUPLICATE_METHOD_MATCH = YES;
				COPY_PHASE_STRIP = NO;
				DEBUG_INFORMATION_FORMAT = dwarf;
				ENABLE_STRICT_OBJC_MSGSEND = YES;
				ENABLE_TESTABILITY = YES;
				ENABLE_USER_SCRIPT_SANDBOXING = YES;
				GCC_C_LANGUAGE_STANDARD = gnu17;
				GCC_DYNAMIC_NO_PIC = NO;
				GCC_NO_COMMON_BLOCKS = YES;
				GCC_OPTIMIZATION_LEVEL = 0;
				GCC_PREPROCESSOR_DEFINITIONS = (
					"DEBUG=1",
					"$(inherited)",
				);
				GCC_WARN_64_TO_32_BIT_CONVERSION = YES;
				GCC_WARN_ABOUT_RETURN_TYPE = YES_ERROR;
				GCC_WARN_UNDECLARED_SELECTOR = YES;
				GCC_WARN_UNINITIALIZED_AUTOS = YES_AGGRESSIVE;
				GCC_WARN_UNUSED_FUNCTION = YES;
				GCC_WARN_UNUSED_VARIABLE = YES;
				IPHONEOS_DEPLOYMENT_TARGET = 17.4;
				LOCALIZATION_PREFERS_STRING_CATALOGS = YES;
				MTL_ENABLE_DEBUG_INFO = INCLUDE_SOURCE;
				MTL_FAST_MATH = YES;
				ONLY_ACTIVE_ARCH = YES;
				SDKROOT = iphoneos;
				SWIFT_ACTIVE_COMPILATION_CONDITIONS = "DEBUG $(inherited)";
				SWIFT_OPTIMIZATION_LEVEL = "-Onone";
			};
			name = Debug;
		};
		3EF7B2292BFAB37500F1466C /* Release */ = {
			isa = XCBuildConfiguration;
			buildSettings = {
				ALWAYS_SEARCH_USER_PATHS = NO;
				ASSETCATALOG_COMPILER_GENERATE_SWIFT_ASSET_SYMBOL_EXTENSIONS = YES;
				CLANG_ANALYZER_NONNULL = YES;
				CLANG_ANALYZER_NUMBER_OBJECT_CONVERSION = YES_AGGRESSIVE;
				CLANG_CXX_LANGUAGE_STANDARD = "gnu++20";
				CLANG_ENABLE_MODULES = YES;
				CLANG_ENABLE_OBJC_ARC = YES;
				CLANG_ENABLE_OBJC_WEAK = YES;
				CLANG_WARN_BLOCK_CAPTURE_AUTORELEASING = YES;
				CLANG_WARN_BOOL_CONVERSION = YES;
				CLANG_WARN_COMMA = YES;
				CLANG_WARN_CONSTANT_CONVERSION = YES;
				CLANG_WARN_DEPRECATED_OBJC_IMPLEMENTATIONS = YES;
				CLANG_WARN_DIRECT_OBJC_ISA_USAGE = YES_ERROR;
				CLANG_WARN_DOCUMENTATION_COMMENTS = YES;
				CLANG_WARN_EMPTY_BODY = YES;
				CLANG_WARN_ENUM_CONVERSION = YES;
				CLANG_WARN_INFINITE_RECURSION = YES;
				CLANG_WARN_INT_CONVERSION = YES;
				CLANG_WARN_NON_LITERAL_NULL_CONVERSION = YES;
				CLANG_WARN_OBJC_IMPLICIT_RETAIN_SELF = YES;
				CLANG_WARN_OBJC_LITERAL_CONVERSION = YES;
				CLANG_WARN_OBJC_ROOT_CLASS = YES_ERROR;
				CLANG_WARN_QUOTED_INCLUDE_IN_FRAMEWORK_HEADER = YES;
				CLANG_WARN_RANGE_LOOP_ANALYSIS = YES;
				CLANG_WARN_STRICT_PROTOTYPES = YES;
				CLANG_WARN_SUSPICIOUS_MOVE = YES;
				CLANG_WARN_UNGUARDED_AVAILABILITY = YES_AGGRESSIVE;
				CLANG_WARN_UNREACHABLE_CODE = YES;
				CLANG_WARN__DUPLICATE_METHOD_MATCH = YES;
				COPY_PHASE_STRIP = NO;
				DEBUG_INFORMATION_FORMAT = "dwarf-with-dsym";
				ENABLE_NS_ASSERTIONS = NO;
				ENABLE_STRICT_OBJC_MSGSEND = YES;
				ENABLE_USER_SCRIPT_SANDBOXING = YES;
				GCC_C_LANGUAGE_STANDARD = gnu17;
				GCC_NO_COMMON_BLOCKS = YES;
				GCC_WARN_64_TO_32_BIT_CONVERSION = YES;
				GCC_WARN_ABOUT_RETURN_TYPE = YES_ERROR;
				GCC_WARN_UNDECLARED_SELECTOR = YES;
				GCC_WARN_UNINITIALIZED_AUTOS = YES_AGGRESSIVE;
				GCC_WARN_UNUSED_FUNCTION = YES;
				GCC_WARN_UNUSED_VARIABLE = YES;
				IPHONEOS_DEPLOYMENT_TARGET = 17.4;
				LOCALIZATION_PREFERS_STRING_CATALOGS = YES;
				MTL_ENABLE_DEBUG_INFO = NO;
				MTL_FAST_MATH = YES;
				SDKROOT = iphoneos;
				SWIFT_COMPILATION_MODE = wholemodule;
				VALIDATE_PRODUCT = YES;
			};
			name = Release;
		};
		3EF7B22B2BFAB37500F1466C /* Debug */ = {
			isa = XCBuildConfiguration;
			buildSettings = {
				ASSETCATALOG_COMPILER_APPICON_NAME = AppIcon;
				ASSETCATALOG_COMPILER_GLOBAL_ACCENT_COLOR_NAME = AccentColor;
				CODE_SIGN_STYLE = Automatic;
				CURRENT_PROJECT_VERSION = 1;
				GENERATE_INFOPLIST_FILE = YES;
				INFOPLIST_FILE = BudgetApp/Info.plist;
				INFOPLIST_KEY_UIApplicationSupportsIndirectInputEvents = YES;
				INFOPLIST_KEY_UILaunchStoryboardName = LaunchScreen;
				INFOPLIST_KEY_UISupportedInterfaceOrientations_iPad = "UIInterfaceOrientationPortrait UIInterfaceOrientationPortraitUpsideDown UIInterfaceOrientationLandscapeLeft UIInterfaceOrientationLandscapeRight";
				INFOPLIST_KEY_UISupportedInterfaceOrientations_iPhone = "UIInterfaceOrientationPortrait UIInterfaceOrientationLandscapeLeft UIInterfaceOrientationLandscapeRight";
				LD_RUNPATH_SEARCH_PATHS = (
					"$(inherited)",
					"@executable_path/Frameworks",
				);
				MARKETING_VERSION = 1.0;
				PRODUCT_BUNDLE_IDENTIFIER = com.nicholasStamoulis.BudgetApp;
				PRODUCT_NAME = "$(TARGET_NAME)";
				SWIFT_EMIT_LOC_STRINGS = YES;
				SWIFT_VERSION = 5.0;
				TARGETED_DEVICE_FAMILY = "1,2";
			};
			name = Debug;
		};
		3EF7B22C2BFAB37500F1466C /* Release */ = {
			isa = XCBuildConfiguration;
			buildSettings = {
				ASSETCATALOG_COMPILER_APPICON_NAME = AppIcon;
				ASSETCATALOG_COMPILER_GLOBAL_ACCENT_COLOR_NAME = AccentColor;
				CODE_SIGN_STYLE = Automatic;
				CURRENT_PROJECT_VERSION = 1;
				GENERATE_INFOPLIST_FILE = YES;
				INFOPLIST_FILE = BudgetApp/Info.plist;
				INFOPLIST_KEY_UIApplicationSupportsIndirectInputEvents = YES;
				INFOPLIST_KEY_UILaunchStoryboardName = LaunchScreen;
				INFOPLIST_KEY_UISupportedInterfaceOrientations_iPad = "UIInterfaceOrientationPortrait UIInterfaceOrientationPortraitUpsideDown UIInterfaceOrientationLandscapeLeft UIInterfaceOrientationLandscapeRight";
				INFOPLIST_KEY_UISupportedInterfaceOrientations_iPhone = "UIInterfaceOrientationPortrait UIInterfaceOrientationLandscapeLeft UIInterfaceOrientationLandscapeRight";
				LD_RUNPATH_SEARCH_PATHS = (
					"$(inherited)",
					"@executable_path/Frameworks",
				);
				MARKETING_VERSION = 1.0;
				PRODUCT_BUNDLE_IDENTIFIER = com.nicholasStamoulis.BudgetApp;
				PRODUCT_NAME = "$(TARGET_NAME)";
				SWIFT_EMIT_LOC_STRINGS = YES;
				SWIFT_VERSION = 5.0;
				TARGETED_DEVICE_FAMILY = "1,2";
			};
			name = Release;
		};
/* End XCBuildConfiguration section */

/* Begin XCConfigurationList section */
		3EF7B2112BFAB37200F1466C /* Build configuration list for PBXProject "BudgetApp" */ = {
			isa = XCConfigurationList;
			buildConfigurations = (
				3EF7B2282BFAB37500F1466C /* Debug */,
				3EF7B2292BFAB37500F1466C /* Release */,
			);
			defaultConfigurationIsVisible = 0;
			defaultConfigurationName = Release;
		};
		3EF7B22A2BFAB37500F1466C /* Build configuration list for PBXNativeTarget "BudgetApp" */ = {
			isa = XCConfigurationList;
			buildConfigurations = (
				3EF7B22B2BFAB37500F1466C /* Debug */,
				3EF7B22C2BFAB37500F1466C /* Release */,
			);
			defaultConfigurationIsVisible = 0;
			defaultConfigurationName = Release;
		};
/* End XCConfigurationList section */

/* Begin XCVersionGroup section */
		3EF7B22D2BFAB98200F1466C /* BudgetModel.xcdatamodeld */ = {
			isa = XCVersionGroup;
			children = (
				3EF7B22E2BFAB98200F1466C /* BudgetModel.xcdatamodel */,
			);
			currentVersion = 3EF7B22E2BFAB98200F1466C /* BudgetModel.xcdatamodel */;
			name = BudgetModel.xcdatamodeld;
			path = /Users/stamoulisnikolaos/Desktop/BudgetApp/BudgetApp/BudgetModel.xcdatamodeld;
			sourceTree = "<group>";
			versionGroupType = wrapper.xcdatamodel;
		};
/* End XCVersionGroup section */
	};
	rootObject = 3EF7B20E2BFAB37200F1466C /* Project object */;
}
